// !$*UTF8*$!
{
	archiveVersion = 1;
	classes = {
	};
	objectVersion = 46;
	objects = {

/* Begin PBXBuildFile section */
		81FF4ED71EB1BCE0005D03F2 /* main.m in Sources */ = {isa = PBXBuildFile; fileRef = 81FF4ED61EB1BCE0005D03F2 /* main.m */; };
		81FF4EDA1EB1BCE0005D03F2 /* AppDelegate.m in Sources */ = {isa = PBXBuildFile; fileRef = 81FF4ED91EB1BCE0005D03F2 /* AppDelegate.m */; };
		81FF4EDD1EB1BCE0005D03F2 /* ViewController.m in Sources */ = {isa = PBXBuildFile; fileRef = 81FF4EDC1EB1BCE0005D03F2 /* ViewController.m */; };
		81FF4EE01EB1BCE0005D03F2 /* Main.storyboard in Resources */ = {isa = PBXBuildFile; fileRef = 81FF4EDE1EB1BCE0005D03F2 /* Main.storyboard */; };
		81FF4EE21EB1BCE0005D03F2 /* Assets.xcassets in Resources */ = {isa = PBXBuildFile; fileRef = 81FF4EE11EB1BCE0005D03F2 /* Assets.xcassets */; };
		81FF4EE51EB1BCE0005D03F2 /* LaunchScreen.storyboard in Resources */ = {isa = PBXBuildFile; fileRef = 81FF4EE31EB1BCE0005D03F2 /* LaunchScreen.storyboard */; };
/* End PBXBuildFile section */

/* Begin PBXFileReference section */
		81FF4ED21EB1BCE0005D03F2 /* GitTeam.app */ = {isa = PBXFileReference; explicitFileType = wrapper.application; includeInIndex = 0; path = GitTeam.app; sourceTree = BUILT_PRODUCTS_DIR; };
		81FF4ED61EB1BCE0005D03F2 /* main.m */ = {isa = PBXFileReference; lastKnownFileType = sourcecode.c.objc; path = main.m; sourceTree = "<group>"; };
		81FF4ED81EB1BCE0005D03F2 /* AppDelegate.h */ = {isa = PBXFileReference; lastKnownFileType = sourcecode.c.h; path = AppDelegate.h; sourceTree = "<group>"; };
		81FF4ED91EB1BCE0005D03F2 /* AppDelegate.m */ = {isa = PBXFileReference; lastKnownFileType = sourcecode.c.objc; path = AppDelegate.m; sourceTree = "<group>"; };
		81FF4EDB1EB1BCE0005D03F2 /* ViewController.h */ = {isa = PBXFileReference; lastKnownFileType = sourcecode.c.h; path = ViewController.h; sourceTree = "<group>"; };
		81FF4EDC1EB1BCE0005D03F2 /* ViewController.m */ = {isa = PBXFileReference; lastKnownFileType = sourcecode.c.objc; path = ViewController.m; sourceTree = "<group>"; };
		81FF4EDF1EB1BCE0005D03F2 /* Base */ = {isa = PBXFileReference; lastKnownFileType = file.storyboard; name = Base; path = Base.lproj/Main.storyboard; sourceTree = "<group>"; };
		81FF4EE11EB1BCE0005D03F2 /* Assets.xcassets */ = {isa = PBXFileReference; lastKnownFileType = folder.assetcatalog; path = Assets.xcassets; sourceTree = "<group>"; };
		81FF4EE41EB1BCE0005D03F2 /* Base */ = {isa = PBXFileReference; lastKnownFileType = file.storyboard; name = Base; path = Base.lproj/LaunchScreen.storyboard; sourceTree = "<group>"; };
		81FF4EE61EB1BCE0005D03F2 /* Info.plist */ = {isa = PBXFileReference; lastKnownFileType = text.plist.xml; path = Info.plist; sourceTree = "<group>"; };
/* End PBXFileReference section */

/* Begin PBXFrameworksBuildPhase section */
		81FF4ECF1EB1BCE0005D03F2 /* Frameworks */ = {
			isa = PBXFrameworksBuildPhase;
			buildActionMask = 2147483647;
			files = (
			);
			runOnlyForDeploymentPostprocessing = 0;
		};
/* End PBXFrameworksBuildPhase section */

/* Begin PBXGroup section */
		81FF4EC91EB1BCE0005D03F2 = {
			isa = PBXGroup;
			children = (
				81FF4ED41EB1BCE0005D03F2 /* GitTeam */,
				81FF4ED31EB1BCE0005D03F2 /* Products */,
			);
			sourceTree = "<group>";
		};
		81FF4ED31EB1BCE0005D03F2 /* Products */ = {
			isa = PBXGroup;
			children = (
				81FF4ED21EB1BCE0005D03F2 /* GitTeam.app */,
			);
			name = Products;
			sourceTree = "<group>";
		};
		81FF4ED41EB1BCE0005D03F2 /* GitTeam */ = {
			isa = PBXGroup;
			children = (
				81FF4ED81EB1BCE0005D03F2 /* AppDelegate.h */,
				81FF4ED91EB1BCE0005D03F2 /* AppDelegate.m */,
				81FF4EDB1EB1BCE0005D03F2 /* ViewController.h */,
				81FF4EDC1EB1BCE0005D03F2 /* ViewController.m */,
				81FF4EDE1EB1BCE0005D03F2 /* Main.storyboard */,
				81FF4EE11EB1BCE0005D03F2 /* Assets.xcassets */,
				81FF4EE31EB1BCE0005D03F2 /* LaunchScreen.storyboard */,
				81FF4EE61EB1BCE0005D03F2 /* Info.plist */,
				81FF4ED51EB1BCE0005D03F2 /* Supporting Files */,
			);
			path = GitTeam;
			sourceTree = "<group>";
		};
		81FF4ED51EB1BCE0005D03F2 /* Supporting Files */ = {
			isa = PBXGroup;
			children = (
				81FF4ED61EB1BCE0005D03F2 /* main.m */,
			);
			name = "Supporting Files";
			sourceTree = "<group>";
		};
/* End PBXGroup section */

/* Begin PBXNativeTarget section */
		81FF4ED11EB1BCE0005D03F2 /* GitTeam */ = {
			isa = PBXNativeTarget;
			buildConfigurationList = 81FF4EE91EB1BCE0005D03F2 /* Build configuration list for PBXNativeTarget "GitTeam" */;
			buildPhases = (
				81FF4ECE1EB1BCE0005D03F2 /* Sources */,
				81FF4ECF1EB1BCE0005D03F2 /* Frameworks */,
				81FF4ED01EB1BCE0005D03F2 /* Resources */,
			);
			buildRules = (
			);
			dependencies = (
			);
			name = GitTeam;
			productName = GitTeam;
			productReference = 81FF4ED21EB1BCE0005D03F2 /* GitTeam.app */;
			productType = "com.apple.product-type.application";
		};
/* End PBXNativeTarget section */

/* Begin PBXProject section */
		81FF4ECA1EB1BCE0005D03F2 /* Project object */ = {
			isa = PBXProject;
			attributes = {
				LastUpgradeCheck = 0830;
				ORGANIZATIONNAME = "王力";
				TargetAttributes = {
					81FF4ED11EB1BCE0005D03F2 = {
						CreatedOnToolsVersion = 8.3.2;
						DevelopmentTeam = AN74G8J783;
						ProvisioningStyle = Automatic;
					};
				};
			};
			buildConfigurationList = 81FF4ECD1EB1BCE0005D03F2 /* Build configuration list for PBXProject "GitTeam" */;
			compatibilityVersion = "Xcode 3.2";
			developmentRegion = English;
			hasScannedForEncodings = 0;
			knownRegions = (
				en,
				Base,
			);
			mainGroup = 81FF4EC91EB1BCE0005D03F2;
			productRefGroup = 81FF4ED31EB1BCE0005D03F2 /* Products */;
			projectDirPath = "";
			projectRoot = "";
			targets = (
				81FF4ED11EB1BCE0005D03F2 /* GitTeam */,
			);
		};
/* End PBXProject section */

/* Begin PBXResourcesBuildPhase section */
		81FF4ED01EB1BCE0005D03F2 /* Resources */ = {
			isa = PBXResourcesBuildPhase;
			buildActionMask = 2147483647;
			files = (
				81FF4EE51EB1BCE0005D03F2 /* LaunchScreen.storyboard in Resources */,
				81FF4EE21EB1BCE0005D03F2 /* Assets.xcassets in Resources */,
				81FF4EE01EB1BCE0005D03F2 /* Main.storyboard in Resources */,
			);
			runOnlyForDeploymentPostprocessing = 0;
		};
/* End PBXResourcesBuildPhase section */

/* Begin PBXSourcesBuildPhase section */
		81FF4ECE1EB1BCE0005D03F2 /* Sources */ = {
			isa = PBXSourcesBuildPhase;
			buildActionMask = 2147483647;
			files = (
				81FF4EDD1EB1BCE0005D03F2 /* ViewController.m in Sources */,
				81FF4EDA1EB1BCE0005D03F2 /* AppDelegate.m in Sources */,
				81FF4ED71EB1BCE0005D03F2 /* main.m in Sources */,
			);
			runOnlyForDeploymentPostprocessing = 0;
		};
/* End PBXSourcesBuildPhase section */

/* Begin PBXVariantGroup section */
		81FF4EDE1EB1BCE0005D03F2 /* Main.storyboard */ = {
			isa = PBXVariantGroup;
			children = (
				81FF4EDF1EB1BCE0005D03F2 /* Base */,
			);
			name = Main.storyboard;
			sourceTree = "<group>";
		};
		81FF4EE31EB1BCE0005D03F2 /* LaunchScreen.storyboard */ = {
			isa = PBXVariantGroup;
			children = (
				81FF4EE41EB1BCE0005D03F2 /* Base */,
			);
			name = LaunchScreen.storyboard;
			sourceTree = "<group>";
		};
/* End PBXVariantGroup section */

/* Begin XCBuildConfiguration section */
		81FF4EE71EB1BCE0005D03F2 /* Debug */ = {
			isa = XCBuildConfiguration;
			buildSettings = {
				ALWAYS_SEARCH_USER_PATHS = NO;
				CLANG_ANALYZER_NONNULL = YES;
				CLANG_ANALYZER_NUMBER_OBJECT_CONVERSION = YES_AGGRESSIVE;
				CLANG_CXX_LANGUAGE_STANDARD = "gnu++0x";
				CLANG_CXX_LIBRARY = "libc++";
				CLANG_ENABLE_MODULES = YES;
				CLANG_ENABLE_OBJC_ARC = YES;
				CLANG_WARN_BOOL_CONVERSION = YES;
				CLANG_WARN_CONSTANT_CONVERSION = YES;
				CLANG_WARN_DIRECT_OBJC_ISA_USAGE = YES_ERROR;
				CLANG_WARN_DOCUMENTATION_COMMENTS = YES;
				CLANG_WARN_EMPTY_BODY = YES;
				CLANG_WARN_ENUM_CONVERSION = YES;
				CLANG_WARN_INFINITE_RECURSION = YES;
				CLANG_WARN_INT_CONVERSION = YES;
				CLANG_WARN_OBJC_ROOT_CLASS = YES_ERROR;
				CLANG_WARN_SUSPICIOUS_MOVE = YES;
				CLANG_WARN_UNREACHABLE_CODE = YES;
				CLANG_WARN__DUPLICATE_METHOD_MATCH = YES;
				"CODE_SIGN_IDENTITY[sdk=iphoneos*]" = "iPhone Developer";
				COPY_PHASE_STRIP = NO;
				DEBUG_INFORMATION_FORMAT = dwarf;
				ENABLE_STRICT_OBJC_MSGSEND = YES;
				ENABLE_TESTABILITY = YES;
				GCC_C_LANGUAGE_STANDARD = gnu99;
				GCC_DYNAMIC_NO_PIC = NO;
				GCC_NO_COMMON_BLOCKS = YES;
				GCC_OPTIMIZATION_LEVEL = 0;
				GCC_PREPROCESSOR_DEFINITIONS = (
					"DEBUG=1",
					"$(inherited)",
				);
				GCC_WARN_64_TO_32_BIT_CONVERSION = YES;
				GCC_WARN_ABOUT_RETURN_TYPE = YES_ERROR;
				GCC_WARN_UNDECLARED_SELECTOR = YES;
				GCC_WARN_UNINITIALIZED_AUTOS = YES_AGGRESSIVE;
				GCC_WARN_UNUSED_FUNCTION = YES;
				GCC_WARN_UNUSED_VARIABLE = YES;
				IPHONEOS_DEPLOYMENT_TARGET = 10.3;
				MTL_ENABLE_DEBUG_INFO = YES;
				ONLY_ACTIVE_ARCH = YES;
				SDKROOT = iphoneos;
			};
			name = Debug;
		};
		81FF4EE81EB1BCE0005D03F2 /* Release */ = {
			isa = XCBuildConfiguration;
			buildSettings = {
				ALWAYS_SEARCH_USER_PATHS = NO;
				CLANG_ANALYZER_NONNULL = YES;
				CLANG_ANALYZER_NUMBER_OBJECT_CONVERSION = YES_AGGRESSIVE;
				CLANG_CXX_LANGUAGE_STANDARD = "gnu++0x";
				CLANG_CXX_LIBRARY = "libc++";
				CLANG_ENABLE_MODULES = YES;
				CLANG_ENABLE_OBJC_ARC = YES;
				CLANG_WARN_BOOL_CONVERSION = YES;
				CLANG_WARN_CONSTANT_CONVERSION = YES;
				CLANG_WARN_DIRECT_OBJC_ISA_USAGE = YES_ERROR;
				CLANG_WARN_DOCUMENTATION_COMMENTS = YES;
				CLANG_WARN_EMPTY_BODY = YES;
				CLANG_WARN_ENUM_CONVERSION = YES;
				CLANG_WARN_INFINITE_RECURSION = YES;
				CLANG_WARN_INT_CONVERSION = YES;
				CLANG_WARN_OBJC_ROOT_CLASS = YES_ERROR;
				CLANG_WARN_SUSPICIOUS_MOVE = YES;
				CLANG_WARN_UNREACHABLE_CODE = YES;
				CLANG_WARN__DUPLICATE_METHOD_MATCH = YES;
				"CODE_SIGN_IDENTITY[sdk=iphoneos*]" = "iPhone Developer";
				COPY_PHASE_STRIP = NO;
				DEBUG_INFORMATION_FORMAT = "dwarf-with-dsym";
				ENABLE_NS_ASSERTIONS = NO;
				ENABLE_STRICT_OBJC_MSGSEND = YES;
				GCC_C_LANGUAGE_STANDARD = gnu99;
				GCC_NO_COMMON_BLOCKS = YES;
				GCC_WARN_64_TO_32_BIT_CONVERSION = YES;
				GCC_WARN_ABOUT_RETURN_TYPE = YES_ERROR;
				GCC_WARN_UNDECLARED_SELECTOR = YES;
				GCC_WARN_UNINITIALIZED_AUTOS = YES_AGGRESSIVE;
				GCC_WARN_UNUSED_FUNCTION = YES;
				GCC_WARN_UNUSED_VARIABLE = YES;
				IPHONEOS_DEPLOYMENT_TARGET = 10.3;
				MTL_ENABLE_DEBUG_INFO = NO;
				SDKROOT = iphoneos;
				VALIDATE_PRODUCT = YES;
			};
			name = Release;
		};
		81FF4EEA1EB1BCE0005D03F2 /* Debug */ = {
			isa = XCBuildConfiguration;
			buildSettings = {
				ASSETCATALOG_COMPILER_APPICON_NAME = AppIcon;
				DEVELOPMENT_TEAM = AN74G8J783;
				INFOPLIST_FILE = GitTeam/Info.plist;
				LD_RUNPATH_SEARCH_PATHS = "$(inherited) @executable_path/Frameworks";
				PRODUCT_BUNDLE_IDENTIFIER = com.wangli.www.GitTeam;
				PRODUCT_NAME = "$(TARGET_NAME)";
			};
			name = Debug;
		};
		81FF4EEB1EB1BCE0005D03F2 /* Release */ = {
			isa = XCBuildConfiguration;
			buildSettings = {
				ASSETCATALOG_COMPILER_APPICON_NAME = AppIcon;
				DEVELOPMENT_TEAM = AN74G8J783;
				INFOPLIST_FILE = GitTeam/Info.plist;
				LD_RUNPATH_SEARCH_PATHS = "$(inherited) @executable_path/Frameworks";
				PRODUCT_BUNDLE_IDENTIFIER = com.wangli.www.GitTeam;
				PRODUCT_NAME = "$(TARGET_NAME)";
			};
			name = Release;
		};
/* End XCBuildConfiguration section */

/* Begin XCConfigurationList section */
		81FF4ECD1EB1BCE0005D03F2 /* Build configuration list for PBXProject "GitTeam" */ = {
			isa = XCConfigurationList;
			buildConfigurations = (
				81FF4EE71EB1BCE0005D03F2 /* Debug */,
				81FF4EE81EB1BCE0005D03F2 /* Release */,
			);
			defaultConfigurationIsVisible = 0;
			defaultConfigurationName = Release;
		};
		81FF4EE91EB1BCE0005D03F2 /* Build configuration list for PBXNativeTarget "GitTeam" */ = {
			isa = XCConfigurationList;
			buildConfigurations = (
				81FF4EEA1EB1BCE0005D03F2 /* Debug */,
				81FF4EEB1EB1BCE0005D03F2 /* Release */,
			);
			defaultConfigurationIsVisible = 0;
		};
/* End XCConfigurationList section */
	};
	rootObject = 81FF4ECA1EB1BCE0005D03F2 /* Project object */;
}
